
Microsoft Visual Studio Solution File, Format Version 12.00
# Visual Studio Version 17
VisualStudioVersion = 17.10.35122.118
MinimumVisualStudioVersion = 10.0.40219.1
Project("{9A19103F-16F7-4668-BE54-9A1E7A4F7556}") = "MovieDbAssistant.App", "MovieDbAssistant.App\MovieDbAssistant.App.csproj", "{604C65B0-52B7-4692-B791-884083EDEF31}"
EndProject
Project("{9A19103F-16F7-4668-BE54-9A1E7A4F7556}") = "MovieDbAssistant.Lib", "MovieDbAssistant.Lib\MovieDbAssistant.Lib.csproj", "{1E6B8346-7BE6-4DBB-A448-032716ABE5D8}"
EndProject
Project("{2150E333-8FDC-42A3-9474-1A3956D46DE8}") = "solution-items", "solution-items", "{DFB96DF8-E3C7-4522-A952-27052DF06817}"
	ProjectSection(SolutionItems) = preProject
		.editorconfig = .editorconfig
		.gitattributes = .gitattributes
		.gitignore = .gitignore
		LICENSE = LICENSE
		README.md = README.md
	EndProjectSection
EndProject
Project("{2150E333-8FDC-42A3-9474-1A3956D46DE8}") = "assets", "assets", "{1934541F-A000-4D43-8999-6875093978E8}"
	ProjectSection(SolutionItems) = preProject
		assets\multimedia-small.png = assets\multimedia-small.png
		assets\multimedia.png = assets\multimedia.png
		assets\snap-details.png = assets\snap-details.png
		assets\snap-list.png = assets\snap-list.png
	EndProjectSection
EndProject
Project("{9A19103F-16F7-4668-BE54-9A1E7A4F7556}") = "MovieDbAssistant.Dmn", "MovieDbAssistant.Dmn\MovieDbAssistant.Dmn.csproj", "{F0491CCE-5C42-4F29-BE41-F90DC44DD252}"
EndProject
Project("{2150E333-8FDC-42A3-9474-1A3956D46DE8}") = "doc", "doc", "{F03B6F94-AF14-4C45-A12F-C51DB5A9D8E3}"
	ProjectSection(SolutionItems) = preProject
		doc\credits.txt = doc\credits.txt
		doc\manual.md = doc\manual.md
		doc\notes.txt = doc\notes.txt
		doc\templates.md = doc\templates.md
	EndProjectSection
EndProject
Project("{2150E333-8FDC-42A3-9474-1A3956D46DE8}") = "package", "package", "{CC605EA7-2735-4DD1-95AD-F0AC900F35B5}"
	ProjectSection(SolutionItems) = preProject
		package\appxmanifest.xml = package\appxmanifest.xml
		package\make.ps1 = package\make.ps1
		package\priconfig.xml = package\priconfig.xml
		package\resources.pri = package\resources.pri
	EndProjectSection
EndProject
Project("{2150E333-8FDC-42A3-9474-1A3956D46DE8}") = "assets", "assets", "{5596E057-767D-4644-863B-CB0C2F3637E8}"
	ProjectSection(SolutionItems) = preProject
		package\assets\multimedia.150x150.png = package\assets\multimedia.150x150.png
		package\assets\multimedia.44x44.png = package\assets\multimedia.44x44.png
		package\assets\multimedia.png = package\assets\multimedia.png
	EndProjectSection
EndProject
Global
	GlobalSection(SolutionConfigurationPlatforms) = preSolution
		Debug|Any CPU = Debug|Any CPU
		Debug|ARM = Debug|ARM
		Debug|ARM64 = Debug|ARM64
		Debug|x64 = Debug|x64
		Debug|x86 = Debug|x86
		Release|Any CPU = Release|Any CPU
		Release|ARM = Release|ARM
		Release|ARM64 = Release|ARM64
		Release|x64 = Release|x64
		Release|x86 = Release|x86
	EndGlobalSection
	GlobalSection(ProjectConfigurationPlatforms) = postSolution
		{604C65B0-52B7-4692-B791-884083EDEF31}.Debug|Any CPU.ActiveCfg = Debug|Any CPU
		{604C65B0-52B7-4692-B791-884083EDEF31}.Debug|Any CPU.Build.0 = Debug|Any CPU
		{604C65B0-52B7-4692-B791-884083EDEF31}.Debug|ARM.ActiveCfg = Debug|Any CPU
		{604C65B0-52B7-4692-B791-884083EDEF31}.Debug|ARM.Build.0 = Debug|Any CPU
		{604C65B0-52B7-4692-B791-884083EDEF31}.Debug|ARM64.ActiveCfg = Debug|Any CPU
		{604C65B0-52B7-4692-B791-884083EDEF31}.Debug|ARM64.Build.0 = Debug|Any CPU
		{604C65B0-52B7-4692-B791-884083EDEF31}.Debug|x64.ActiveCfg = Debug|Any CPU
		{604C65B0-52B7-4692-B791-884083EDEF31}.Debug|x64.Build.0 = Debug|Any CPU
		{604C65B0-52B7-4692-B791-884083EDEF31}.Debug|x86.ActiveCfg = Debug|Any CPU
		{604C65B0-52B7-4692-B791-884083EDEF31}.Debug|x86.Build.0 = Debug|Any CPU
		{604C65B0-52B7-4692-B791-884083EDEF31}.Release|Any CPU.ActiveCfg = Release|Any CPU
		{604C65B0-52B7-4692-B791-884083EDEF31}.Release|Any CPU.Build.0 = Release|Any CPU
		{604C65B0-52B7-4692-B791-884083EDEF31}.Release|ARM.ActiveCfg = Release|Any CPU
		{604C65B0-52B7-4692-B791-884083EDEF31}.Release|ARM.Build.0 = Release|Any CPU
		{604C65B0-52B7-4692-B791-884083EDEF31}.Release|ARM64.ActiveCfg = Release|Any CPU
		{604C65B0-52B7-4692-B791-884083EDEF31}.Release|ARM64.Build.0 = Release|Any CPU
		{604C65B0-52B7-4692-B791-884083EDEF31}.Release|x64.ActiveCfg = Release|x64
		{604C65B0-52B7-4692-B791-884083EDEF31}.Release|x64.Build.0 = Release|x64
		{604C65B0-52B7-4692-B791-884083EDEF31}.Release|x86.ActiveCfg = Release|Any CPU
		{604C65B0-52B7-4692-B791-884083EDEF31}.Release|x86.Build.0 = Release|Any CPU
		{1E6B8346-7BE6-4DBB-A448-032716ABE5D8}.Debug|Any CPU.ActiveCfg = Debug|Any CPU
		{1E6B8346-7BE6-4DBB-A448-032716ABE5D8}.Debug|Any CPU.Build.0 = Debug|Any CPU
		{1E6B8346-7BE6-4DBB-A448-032716ABE5D8}.Debug|ARM.ActiveCfg = Debug|Any CPU
		{1E6B8346-7BE6-4DBB-A448-032716ABE5D8}.Debug|ARM.Build.0 = Debug|Any CPU
		{1E6B8346-7BE6-4DBB-A448-032716ABE5D8}.Debug|ARM64.ActiveCfg = Debug|Any CPU
		{1E6B8346-7BE6-4DBB-A448-032716ABE5D8}.Debug|ARM64.Build.0 = Debug|Any CPU
		{1E6B8346-7BE6-4DBB-A448-032716ABE5D8}.Debug|x64.ActiveCfg = Debug|Any CPU
		{1E6B8346-7BE6-4DBB-A448-032716ABE5D8}.Debug|x64.Build.0 = Debug|Any CPU
		{1E6B8346-7BE6-4DBB-A448-032716ABE5D8}.Debug|x86.ActiveCfg = Debug|Any CPU
		{1E6B8346-7BE6-4DBB-A448-032716ABE5D8}.Debug|x86.Build.0 = Debug|Any CPU
		{1E6B8346-7BE6-4DBB-A448-032716ABE5D8}.Release|Any CPU.ActiveCfg = Release|Any CPU
		{1E6B8346-7BE6-4DBB-A448-032716ABE5D8}.Release|Any CPU.Build.0 = Release|Any CPU
		{1E6B8346-7BE6-4DBB-A448-032716ABE5D8}.Release|ARM.ActiveCfg = Release|Any CPU
		{1E6B8346-7BE6-4DBB-A448-032716ABE5D8}.Release|ARM.Build.0 = Release|Any CPU
		{1E6B8346-7BE6-4DBB-A448-032716ABE5D8}.Release|ARM64.ActiveCfg = Release|Any CPU
		{1E6B8346-7BE6-4DBB-A448-032716ABE5D8}.Release|ARM64.Build.0 = Release|Any CPU
		{1E6B8346-7BE6-4DBB-A448-032716ABE5D8}.Release|x64.ActiveCfg = Release|x64
		{1E6B8346-7BE6-4DBB-A448-032716ABE5D8}.Release|x64.Build.0 = Release|x64
		{1E6B8346-7BE6-4DBB-A448-032716ABE5D8}.Release|x86.ActiveCfg = Release|Any CPU
		{1E6B8346-7BE6-4DBB-A448-032716ABE5D8}.Release|x86.Build.0 = Release|Any CPU
		{F0491CCE-5C42-4F29-BE41-F90DC44DD252}.Debug|Any CPU.ActiveCfg = Debug|Any CPU
		{F0491CCE-5C42-4F29-BE41-F90DC44DD252}.Debug|Any CPU.Build.0 = Debug|Any CPU
		{F0491CCE-5C42-4F29-BE41-F90DC44DD252}.Debug|ARM.ActiveCfg = Debug|Any CPU
		{F0491CCE-5C42-4F29-BE41-F90DC44DD252}.Debug|ARM.Build.0 = Debug|Any CPU
		{F0491CCE-5C42-4F29-BE41-F90DC44DD252}.Debug|ARM64.ActiveCfg = Debug|Any CPU
		{F0491CCE-5C42-4F29-BE41-F90DC44DD252}.Debug|ARM64.Build.0 = Debug|Any CPU
		{F0491CCE-5C42-4F29-BE41-F90DC44DD252}.Debug|x64.ActiveCfg = Debug|Any CPU
		{F0491CCE-5C42-4F29-BE41-F90DC44DD252}.Debug|x64.Build.0 = Debug|Any CPU
		{F0491CCE-5C42-4F29-BE41-F90DC44DD252}.Debug|x86.ActiveCfg = Debug|Any CPU
		{F0491CCE-5C42-4F29-BE41-F90DC44DD252}.Debug|x86.Build.0 = Debug|Any CPU
		{F0491CCE-5C42-4F29-BE41-F90DC44DD252}.Release|Any CPU.ActiveCfg = Release|Any CPU
		{F0491CCE-5C42-4F29-BE41-F90DC44DD252}.Release|Any CPU.Build.0 = Release|Any CPU
		{F0491CCE-5C42-4F29-BE41-F90DC44DD252}.Release|ARM.ActiveCfg = Release|Any CPU
		{F0491CCE-5C42-4F29-BE41-F90DC44DD252}.Release|ARM.Build.0 = Release|Any CPU
		{F0491CCE-5C42-4F29-BE41-F90DC44DD252}.Release|ARM64.ActiveCfg = Release|Any CPU
		{F0491CCE-5C42-4F29-BE41-F90DC44DD252}.Release|ARM64.Build.0 = Release|Any CPU
		{F0491CCE-5C42-4F29-BE41-F90DC44DD252}.Release|x64.ActiveCfg = Release|x64
		{F0491CCE-5C42-4F29-BE41-F90DC44DD252}.Release|x64.Build.0 = Release|x64
		{F0491CCE-5C42-4F29-BE41-F90DC44DD252}.Release|x86.ActiveCfg = Release|Any CPU
		{F0491CCE-5C42-4F29-BE41-F90DC44DD252}.Release|x86.Build.0 = Release|Any CPU
	EndGlobalSection
	GlobalSection(SolutionProperties) = preSolution
		HideSolutionNode = FALSE
	EndGlobalSection
	GlobalSection(NestedProjects) = preSolution
		{5596E057-767D-4644-863B-CB0C2F3637E8} = {CC605EA7-2735-4DD1-95AD-F0AC900F35B5}
	EndGlobalSection
	GlobalSection(ExtensibilityGlobals) = postSolution
		SolutionGuid = {47DF0275-0FB1-4005-AC9B-5C1FA4FD6603}
	EndGlobalSection
EndGlobal
